
Microsoft Visual Studio Solution File, Format Version 12.00
# Visual Studio Version 17
VisualStudioVersion = 17.1.32421.90
MinimumVisualStudioVersion = 10.0.40219.1
Project("{FAE04EC0-301F-11D3-BF4B-00C04F79EFBC}") = "Oovning5b", "Oovning5b\Oovning5b.csproj", "{1653903B-EE0B-4E65-802D-174DD93315A5}"
EndProject
Project("{FAE04EC0-301F-11D3-BF4B-00C04F79EFBC}") = "Oovning5BTest", "Oovning5BTest\Oovning5BTest.csproj", "{93E535C1-D304-4F78-BB26-2ECAB0B7A354}"
EndProject
Global
	GlobalSection(SolutionConfigurationPlatforms) = preSolution
		Debug|Any CPU = Debug|Any CPU
		Release|Any CPU = Release|Any CPU
	EndGlobalSection
	GlobalSection(ProjectConfigurationPlatforms) = postSolution
		{1653903B-EE0B-4E65-802D-174DD93315A5}.Debug|Any CPU.ActiveCfg = Debug|Any CPU
		{1653903B-EE0B-4E65-802D-174DD93315A5}.Debug|Any CPU.Build.0 = Debug|Any CPU
		{1653903B-EE0B-4E65-802D-174DD93315A5}.Release|Any CPU.ActiveCfg = Release|Any CPU
		{1653903B-EE0B-4E65-802D-174DD93315A5}.Release|Any CPU.Build.0 = Release|Any CPU
		{93E535C1-D304-4F78-BB26-2ECAB0B7A354}.Debug|Any CPU.ActiveCfg = Debug|Any CPU
		{93E535C1-D304-4F78-BB26-2ECAB0B7A354}.Debug|Any CPU.Build.0 = Debug|Any CPU
		{93E535C1-D304-4F78-BB26-2ECAB0B7A354}.Release|Any CPU.ActiveCfg = Release|Any CPU
		{93E535C1-D304-4F78-BB26-2ECAB0B7A354}.Release|Any CPU.Build.0 = Release|Any CPU
	EndGlobalSection
	GlobalSection(SolutionProperties) = preSolution
		HideSolutionNode = FALSE
	EndGlobalSection
	GlobalSection(ExtensibilityGlobals) = postSolution
		SolutionGuid = {B21E41C1-FD68-4792-B35E-A2DE7ECFB6B4}
	EndGlobalSection
EndGlobal
